
Microsoft Visual Studio Solution File, Format Version 12.00
# Visual Studio Version 17
VisualStudioVersion = 17.1.32319.34
MinimumVisualStudioVersion = 10.0.40219.1
Project("{9A19103F-16F7-4668-BE54-9A1E7A4F7556}") = "1.DAL", "1.DAL\1.DAL.csproj", "{79C6FC0C-30C8-412A-AEB4-5C13F824C2C4}"
EndProject
Project("{9A19103F-16F7-4668-BE54-9A1E7A4F7556}") = "2.GUI", "2.GUI\2.GUI.csproj", "{2C78D0C0-A7BC-43D0-A1E0-F451A9F54A8E}"
EndProject
Project("{FAE04EC0-301F-11D3-BF4B-00C04F79EFBC}") = "3.PresentationLayers", "3.PresentationLayers\3.PresentationLayers.csproj", "{496325C4-4E96-4630-954E-E00A2583414F}"
EndProject
Global
	GlobalSection(SolutionConfigurationPlatforms) = preSolution
		Debug|Any CPU = Debug|Any CPU
		Release|Any CPU = Release|Any CPU
	EndGlobalSection
	GlobalSection(ProjectConfigurationPlatforms) = postSolution
		{79C6FC0C-30C8-412A-AEB4-5C13F824C2C4}.Debug|Any CPU.ActiveCfg = Debug|Any CPU
		{79C6FC0C-30C8-412A-AEB4-5C13F824C2C4}.Debug|Any CPU.Build.0 = Debug|Any CPU
		{79C6FC0C-30C8-412A-AEB4-5C13F824C2C4}.Release|Any CPU.ActiveCfg = Release|Any CPU
		{79C6FC0C-30C8-412A-AEB4-5C13F824C2C4}.Release|Any CPU.Build.0 = Release|Any CPU
		{2C78D0C0-A7BC-43D0-A1E0-F451A9F54A8E}.Debug|Any CPU.ActiveCfg = Debug|Any CPU
		{2C78D0C0-A7BC-43D0-A1E0-F451A9F54A8E}.Debug|Any CPU.Build.0 = Debug|Any CPU
		{2C78D0C0-A7BC-43D0-A1E0-F451A9F54A8E}.Release|Any CPU.ActiveCfg = Release|Any CPU
		{2C78D0C0-A7BC-43D0-A1E0-F451A9F54A8E}.Release|Any CPU.Build.0 = Release|Any CPU
		{496325C4-4E96-4630-954E-E00A2583414F}.Debug|Any CPU.ActiveCfg = Debug|Any CPU
		{496325C4-4E96-4630-954E-E00A2583414F}.Debug|Any CPU.Build.0 = Debug|Any CPU
		{496325C4-4E96-4630-954E-E00A2583414F}.Release|Any CPU.ActiveCfg = Release|Any CPU
		{496325C4-4E96-4630-954E-E00A2583414F}.Release|Any CPU.Build.0 = Release|Any CPU
	EndGlobalSection
	GlobalSection(SolutionProperties) = preSolution
		HideSolutionNode = FALSE
	EndGlobalSection
	GlobalSection(ExtensibilityGlobals) = postSolution
		SolutionGuid = {D934F9AC-2244-412F-BC28-943585A3E3CD}
	EndGlobalSection
EndGlobal
